
Microsoft Visual Studio Solution File, Format Version 12.00
# Visual Studio Version 17
VisualStudioVersion = 17.5.002.0
MinimumVisualStudioVersion = 10.0.40219.1
Project("{2150E333-8FDC-42A3-9474-1A3956D46DE8}") = "week01", "week01", "{E6323B39-3C27-43CD-9CE6-5BF51EE852D0}"
EndProject
Project("{9A19103F-16F7-4668-BE54-9A1E7A4F7556}") = "code", "week01\code\code.csproj", "{1C6236BC-D7B4-41F3-A4B4-3C9C09C1B419}"
EndProject
Project("{9A19103F-16F7-4668-BE54-9A1E7A4F7556}") = "analyze", "week01\analyze\analyze.csproj", "{7952483A-2471-4ABB-BA98-6D3C7BDCF429}"
EndProject
Project("{9A19103F-16F7-4668-BE54-9A1E7A4F7556}") = "teach", "week01\teach\teach.csproj", "{BB760CAC-D363-4CAE-B80D-F71460992EED}"
EndProject
Project("{2150E333-8FDC-42A3-9474-1A3956D46DE8}") = "week06", "week06", "{59AC7FDE-2617-493C-98BC-3EF35DD39673}"
EndProject
Project("{9A19103F-16F7-4668-BE54-9A1E7A4F7556}") = "code", "week06\code\code.csproj", "{369AC954-3570-42C3-9A51-3A1BD64FDF69}"
EndProject
Project("{2150E333-8FDC-42A3-9474-1A3956D46DE8}") = "sandbox", "sandbox", "{C70F2C5A-9C6D-45DB-9B61-F8EA12541354}"
EndProject
Project("{9A19103F-16F7-4668-BE54-9A1E7A4F7556}") = "sandbox_project", "sandbox\sandbox_project\sandbox_project.csproj", "{AF6104C0-CFFA-4582-9F32-013E6FD7D130}"
EndProject
Project("{2150E333-8FDC-42A3-9474-1A3956D46DE8}") = "week05", "week05", "{B9DB9568-4136-40C2-9CAD-171F8D2F246C}"
EndProject
Project("{9A19103F-16F7-4668-BE54-9A1E7A4F7556}") = "code", "week05\code\code.csproj", "{7D3E151B-A300-43E9-A77D-3951AD0AA251}"
EndProject
Project("{2150E333-8FDC-42A3-9474-1A3956D46DE8}") = "week02", "week02", "{DBF4A845-A6AC-4417-9B8E-ACD9875D0F77}"
EndProject
Project("{9A19103F-16F7-4668-BE54-9A1E7A4F7556}") = "learn", "week02\learn\learn.csproj", "{1373D94B-CB2B-44D2-91CD-7D5FC70B2579}"
EndProject
Project("{9A19103F-16F7-4668-BE54-9A1E7A4F7556}") = "code", "week02\code\code.csproj", "{0D830A1C-BBCF-4356-881D-78DFFD0371D5}"
EndProject
Project("{9A19103F-16F7-4668-BE54-9A1E7A4F7556}") = "analyze", "week02\analyze\analyze.csproj", "{B10EE72B-061E-49DD-90C4-1A362564F39F}"
EndProject
Project("{9A19103F-16F7-4668-BE54-9A1E7A4F7556}") = "teach", "week02\teach\teach.csproj", "{617F96C6-0B42-4A54-9BB7-C48386FF9CD4}"
EndProject
Project("{2150E333-8FDC-42A3-9474-1A3956D46DE8}") = "week03", "week03", "{8EC8BC71-A248-4630-87A5-B65FF8226CF5}"
EndProject
Project("{9A19103F-16F7-4668-BE54-9A1E7A4F7556}") = "learn", "week03\learn\learn.csproj", "{A5DE5CC1-F89E-4203-9F2B-24A3D1015083}"
EndProject
Project("{9A19103F-16F7-4668-BE54-9A1E7A4F7556}") = "code", "week03\code\code.csproj", "{F2C41A51-1A8C-4E46-84D1-EEEFAC9C60FC}"
EndProject
Project("{9A19103F-16F7-4668-BE54-9A1E7A4F7556}") = "teach", "week03\teach\teach.csproj", "{6003AB4F-F672-4D5E-B3C7-7CE81C6252CC}"
EndProject
Project("{2150E333-8FDC-42A3-9474-1A3956D46DE8}") = "week04", "week04", "{006F8923-9F1A-4FE1-9A6C-CFCD56A8A4FD}"
EndProject
Project("{9A19103F-16F7-4668-BE54-9A1E7A4F7556}") = "code", "week04\code\code.csproj", "{15F96DAB-2CC0-4B14-8CDD-1BD1422DBE39}"
EndProject
Global
	GlobalSection(SolutionConfigurationPlatforms) = preSolution
		Debug|Any CPU = Debug|Any CPU
		Release|Any CPU = Release|Any CPU
	EndGlobalSection
	GlobalSection(ProjectConfigurationPlatforms) = postSolution
		{1C6236BC-D7B4-41F3-A4B4-3C9C09C1B419}.Debug|Any CPU.ActiveCfg = Debug|Any CPU
		{1C6236BC-D7B4-41F3-A4B4-3C9C09C1B419}.Debug|Any CPU.Build.0 = Debug|Any CPU
		{1C6236BC-D7B4-41F3-A4B4-3C9C09C1B419}.Release|Any CPU.ActiveCfg = Release|Any CPU
		{1C6236BC-D7B4-41F3-A4B4-3C9C09C1B419}.Release|Any CPU.Build.0 = Release|Any CPU
		{7952483A-2471-4ABB-BA98-6D3C7BDCF429}.Debug|Any CPU.ActiveCfg = Debug|Any CPU
		{7952483A-2471-4ABB-BA98-6D3C7BDCF429}.Debug|Any CPU.Build.0 = Debug|Any CPU
		{7952483A-2471-4ABB-BA98-6D3C7BDCF429}.Release|Any CPU.ActiveCfg = Release|Any CPU
		{7952483A-2471-4ABB-BA98-6D3C7BDCF429}.Release|Any CPU.Build.0 = Release|Any CPU
		{BB760CAC-D363-4CAE-B80D-F71460992EED}.Debug|Any CPU.ActiveCfg = Debug|Any CPU
		{BB760CAC-D363-4CAE-B80D-F71460992EED}.Debug|Any CPU.Build.0 = Debug|Any CPU
		{BB760CAC-D363-4CAE-B80D-F71460992EED}.Release|Any CPU.ActiveCfg = Release|Any CPU
		{BB760CAC-D363-4CAE-B80D-F71460992EED}.Release|Any CPU.Build.0 = Release|Any CPU
		{369AC954-3570-42C3-9A51-3A1BD64FDF69}.Debug|Any CPU.ActiveCfg = Debug|Any CPU
		{369AC954-3570-42C3-9A51-3A1BD64FDF69}.Debug|Any CPU.Build.0 = Debug|Any CPU
		{369AC954-3570-42C3-9A51-3A1BD64FDF69}.Release|Any CPU.ActiveCfg = Release|Any CPU
		{369AC954-3570-42C3-9A51-3A1BD64FDF69}.Release|Any CPU.Build.0 = Release|Any CPU
		{AF6104C0-CFFA-4582-9F32-013E6FD7D130}.Debug|Any CPU.ActiveCfg = Debug|Any CPU
		{AF6104C0-CFFA-4582-9F32-013E6FD7D130}.Debug|Any CPU.Build.0 = Debug|Any CPU
		{AF6104C0-CFFA-4582-9F32-013E6FD7D130}.Release|Any CPU.ActiveCfg = Release|Any CPU
		{AF6104C0-CFFA-4582-9F32-013E6FD7D130}.Release|Any CPU.Build.0 = Release|Any CPU
		{7D3E151B-A300-43E9-A77D-3951AD0AA251}.Debug|Any CPU.ActiveCfg = Debug|Any CPU
		{7D3E151B-A300-43E9-A77D-3951AD0AA251}.Debug|Any CPU.Build.0 = Debug|Any CPU
		{7D3E151B-A300-43E9-A77D-3951AD0AA251}.Release|Any CPU.ActiveCfg = Release|Any CPU
		{7D3E151B-A300-43E9-A77D-3951AD0AA251}.Release|Any CPU.Build.0 = Release|Any CPU
		{1373D94B-CB2B-44D2-91CD-7D5FC70B2579}.Debug|Any CPU.ActiveCfg = Debug|Any CPU
		{1373D94B-CB2B-44D2-91CD-7D5FC70B2579}.Debug|Any CPU.Build.0 = Debug|Any CPU
		{1373D94B-CB2B-44D2-91CD-7D5FC70B2579}.Release|Any CPU.ActiveCfg = Release|Any CPU
		{1373D94B-CB2B-44D2-91CD-7D5FC70B2579}.Release|Any CPU.Build.0 = Release|Any CPU
		{0D830A1C-BBCF-4356-881D-78DFFD0371D5}.Debug|Any CPU.ActiveCfg = Debug|Any CPU
		{0D830A1C-BBCF-4356-881D-78DFFD0371D5}.Debug|Any CPU.Build.0 = Debug|Any CPU
		{0D830A1C-BBCF-4356-881D-78DFFD0371D5}.Release|Any CPU.ActiveCfg = Release|Any CPU
		{0D830A1C-BBCF-4356-881D-78DFFD0371D5}.Release|Any CPU.Build.0 = Release|Any CPU
		{B10EE72B-061E-49DD-90C4-1A362564F39F}.Debug|Any CPU.ActiveCfg = Debug|Any CPU
		{B10EE72B-061E-49DD-90C4-1A362564F39F}.Debug|Any CPU.Build.0 = Debug|Any CPU
		{B10EE72B-061E-49DD-90C4-1A362564F39F}.Release|Any CPU.ActiveCfg = Release|Any CPU
		{B10EE72B-061E-49DD-90C4-1A362564F39F}.Release|Any CPU.Build.0 = Release|Any CPU
		{617F96C6-0B42-4A54-9BB7-C48386FF9CD4}.Debug|Any CPU.ActiveCfg = Debug|Any CPU
		{617F96C6-0B42-4A54-9BB7-C48386FF9CD4}.Debug|Any CPU.Build.0 = Debug|Any CPU
		{617F96C6-0B42-4A54-9BB7-C48386FF9CD4}.Release|Any CPU.ActiveCfg = Release|Any CPU
		{617F96C6-0B42-4A54-9BB7-C48386FF9CD4}.Release|Any CPU.Build.0 = Release|Any CPU
		{A5DE5CC1-F89E-4203-9F2B-24A3D1015083}.Debug|Any CPU.ActiveCfg = Debug|Any CPU
		{A5DE5CC1-F89E-4203-9F2B-24A3D1015083}.Debug|Any CPU.Build.0 = Debug|Any CPU
		{A5DE5CC1-F89E-4203-9F2B-24A3D1015083}.Release|Any CPU.ActiveCfg = Release|Any CPU
		{A5DE5CC1-F89E-4203-9F2B-24A3D1015083}.Release|Any CPU.Build.0 = Release|Any CPU
		{F2C41A51-1A8C-4E46-84D1-EEEFAC9C60FC}.Debug|Any CPU.ActiveCfg = Debug|Any CPU
		{F2C41A51-1A8C-4E46-84D1-EEEFAC9C60FC}.Debug|Any CPU.Build.0 = Debug|Any CPU
		{F2C41A51-1A8C-4E46-84D1-EEEFAC9C60FC}.Release|Any CPU.ActiveCfg = Release|Any CPU
		{F2C41A51-1A8C-4E46-84D1-EEEFAC9C60FC}.Release|Any CPU.Build.0 = Release|Any CPU
		{6003AB4F-F672-4D5E-B3C7-7CE81C6252CC}.Debug|Any CPU.ActiveCfg = Debug|Any CPU
		{6003AB4F-F672-4D5E-B3C7-7CE81C6252CC}.Debug|Any CPU.Build.0 = Debug|Any CPU
		{6003AB4F-F672-4D5E-B3C7-7CE81C6252CC}.Release|Any CPU.ActiveCfg = Release|Any CPU
		{6003AB4F-F672-4D5E-B3C7-7CE81C6252CC}.Release|Any CPU.Build.0 = Release|Any CPU
		{15F96DAB-2CC0-4B14-8CDD-1BD1422DBE39}.Debug|Any CPU.ActiveCfg = Debug|Any CPU
		{15F96DAB-2CC0-4B14-8CDD-1BD1422DBE39}.Debug|Any CPU.Build.0 = Debug|Any CPU
		{15F96DAB-2CC0-4B14-8CDD-1BD1422DBE39}.Release|Any CPU.ActiveCfg = Release|Any CPU
		{15F96DAB-2CC0-4B14-8CDD-1BD1422DBE39}.Release|Any CPU.Build.0 = Release|Any CPU
	EndGlobalSection
	GlobalSection(SolutionProperties) = preSolution
		HideSolutionNode = FALSE
	EndGlobalSection
	GlobalSection(NestedProjects) = preSolution
		{1C6236BC-D7B4-41F3-A4B4-3C9C09C1B419} = {E6323B39-3C27-43CD-9CE6-5BF51EE852D0}
		{7952483A-2471-4ABB-BA98-6D3C7BDCF429} = {E6323B39-3C27-43CD-9CE6-5BF51EE852D0}
		{BB760CAC-D363-4CAE-B80D-F71460992EED} = {E6323B39-3C27-43CD-9CE6-5BF51EE852D0}
		{369AC954-3570-42C3-9A51-3A1BD64FDF69} = {59AC7FDE-2617-493C-98BC-3EF35DD39673}
		{AF6104C0-CFFA-4582-9F32-013E6FD7D130} = {C70F2C5A-9C6D-45DB-9B61-F8EA12541354}
		{7D3E151B-A300-43E9-A77D-3951AD0AA251} = {B9DB9568-4136-40C2-9CAD-171F8D2F246C}
		{1373D94B-CB2B-44D2-91CD-7D5FC70B2579} = {DBF4A845-A6AC-4417-9B8E-ACD9875D0F77}
		{0D830A1C-BBCF-4356-881D-78DFFD0371D5} = {DBF4A845-A6AC-4417-9B8E-ACD9875D0F77}
		{B10EE72B-061E-49DD-90C4-1A362564F39F} = {DBF4A845-A6AC-4417-9B8E-ACD9875D0F77}
		{617F96C6-0B42-4A54-9BB7-C48386FF9CD4} = {DBF4A845-A6AC-4417-9B8E-ACD9875D0F77}
		{A5DE5CC1-F89E-4203-9F2B-24A3D1015083} = {8EC8BC71-A248-4630-87A5-B65FF8226CF5}
		{F2C41A51-1A8C-4E46-84D1-EEEFAC9C60FC} = {8EC8BC71-A248-4630-87A5-B65FF8226CF5}
		{6003AB4F-F672-4D5E-B3C7-7CE81C6252CC} = {8EC8BC71-A248-4630-87A5-B65FF8226CF5}
		{15F96DAB-2CC0-4B14-8CDD-1BD1422DBE39} = {006F8923-9F1A-4FE1-9A6C-CFCD56A8A4FD}
	EndGlobalSection
	GlobalSection(ExtensibilityGlobals) = postSolution
		SolutionGuid = {38E5185F-21EC-4896-B1AB-4DF5B70ED7FD}
	EndGlobalSection
EndGlobal
